
Microsoft Visual Studio Solution File, Format Version 12.00
# Visual Studio Version 17
VisualStudioVersion = 17.5.33530.505
MinimumVisualStudioVersion = 10.0.40219.1
Project("{9A19103F-16F7-4668-BE54-9A1E7A4F7556}") = "MagicVillaAPI", "MagicVillaAPI\MagicVillaAPI.csproj", "{D3700EE2-DCFA-4911-8612-803384018968}"
EndProject
Project("{FAE04EC0-301F-11D3-BF4B-00C04F79EFBC}") = "MagicVillaWeb", "MagicVillaWeb\MagicVillaWeb.csproj", "{D9D21F76-24E1-4B3D-95B9-AA7740851487}"
EndProject
Project("{FAE04EC0-301F-11D3-BF4B-00C04F79EFBC}") = "MagicVillaUtilities", "MagicVillaUtilities\MagicVillaUtilities.csproj", "{BA5FB76E-30B7-4E44-9F3E-4D0242C2B4BC}"
EndProject
Global
	GlobalSection(SolutionConfigurationPlatforms) = preSolution
		Debug|Any CPU = Debug|Any CPU
		Release|Any CPU = Release|Any CPU
	EndGlobalSection
	GlobalSection(ProjectConfigurationPlatforms) = postSolution
		{D3700EE2-DCFA-4911-8612-803384018968}.Debug|Any CPU.ActiveCfg = Debug|Any CPU
		{D3700EE2-DCFA-4911-8612-803384018968}.Debug|Any CPU.Build.0 = Debug|Any CPU
		{D3700EE2-DCFA-4911-8612-803384018968}.Release|Any CPU.ActiveCfg = Release|Any CPU
		{D3700EE2-DCFA-4911-8612-803384018968}.Release|Any CPU.Build.0 = Release|Any CPU
		{D9D21F76-24E1-4B3D-95B9-AA7740851487}.Debug|Any CPU.ActiveCfg = Debug|Any CPU
		{D9D21F76-24E1-4B3D-95B9-AA7740851487}.Debug|Any CPU.Build.0 = Debug|Any CPU
		{D9D21F76-24E1-4B3D-95B9-AA7740851487}.Release|Any CPU.ActiveCfg = Release|Any CPU
		{D9D21F76-24E1-4B3D-95B9-AA7740851487}.Release|Any CPU.Build.0 = Release|Any CPU
		{BA5FB76E-30B7-4E44-9F3E-4D0242C2B4BC}.Debug|Any CPU.ActiveCfg = Debug|Any CPU
		{BA5FB76E-30B7-4E44-9F3E-4D0242C2B4BC}.Debug|Any CPU.Build.0 = Debug|Any CPU
		{BA5FB76E-30B7-4E44-9F3E-4D0242C2B4BC}.Release|Any CPU.ActiveCfg = Release|Any CPU
		{BA5FB76E-30B7-4E44-9F3E-4D0242C2B4BC}.Release|Any CPU.Build.0 = Release|Any CPU
	EndGlobalSection
	GlobalSection(SolutionProperties) = preSolution
		HideSolutionNode = FALSE
	EndGlobalSection
	GlobalSection(ExtensibilityGlobals) = postSolution
		SolutionGuid = {3980224B-31AC-4893-A5E5-6DFC6FD08A2A}
	EndGlobalSection
EndGlobal
